
Microsoft Visual Studio Solution File, Format Version 12.00
# Visual Studio Version 17
VisualStudioVersion = 17.2.32526.322
MinimumVisualStudioVersion = 10.0.40219.1
Project("{FAE04EC0-301F-11D3-BF4B-00C04F79EFBC}") = "Test.Netcore.API", "Test.Netcore.API\Test.Netcore.API.csproj", "{730C6763-558C-4B75-8123-72F85672D080}"
EndProject
Global
	GlobalSection(SolutionConfigurationPlatforms) = preSolution
		Debug|Any CPU = Debug|Any CPU
		Release|Any CPU = Release|Any CPU
	EndGlobalSection
	GlobalSection(ProjectConfigurationPlatforms) = postSolution
		{730C6763-558C-4B75-8123-72F85672D080}.Debug|Any CPU.ActiveCfg = Debug|Any CPU
		{730C6763-558C-4B75-8123-72F85672D080}.Debug|Any CPU.Build.0 = Debug|Any CPU
		{730C6763-558C-4B75-8123-72F85672D080}.Release|Any CPU.ActiveCfg = Release|Any CPU
		{730C6763-558C-4B75-8123-72F85672D080}.Release|Any CPU.Build.0 = Release|Any CPU
	EndGlobalSection
	GlobalSection(SolutionProperties) = preSolution
		HideSolutionNode = FALSE
	EndGlobalSection
	GlobalSection(ExtensibilityGlobals) = postSolution
		SolutionGuid = {401F6A0B-274C-49C2-903B-FC578CB86999}
	EndGlobalSection
EndGlobal
